
Microsoft Visual Studio Solution File, Format Version 12.00
# Visual Studio Version 17
VisualStudioVersion = 17.13.35825.156 d17.13
MinimumVisualStudioVersion = 10.0.40219.1
Project("{FAE04EC0-301F-11D3-BF4B-00C04F79EFBC}") = "PRACTICA 4 FOR WHILE DO", "PRACTICA 4 FOR WHILE DO.csproj", "{5ED06FEB-8E0B-4AF8-9B6F-036CEED820C0}"
EndProject
Global
	GlobalSection(SolutionConfigurationPlatforms) = preSolution
		Debug|Any CPU = Debug|Any CPU
		Release|Any CPU = Release|Any CPU
	EndGlobalSection
	GlobalSection(ProjectConfigurationPlatforms) = postSolution
		{5ED06FEB-8E0B-4AF8-9B6F-036CEED820C0}.Debug|Any CPU.ActiveCfg = Debug|Any CPU
		{5ED06FEB-8E0B-4AF8-9B6F-036CEED820C0}.Debug|Any CPU.Build.0 = Debug|Any CPU
		{5ED06FEB-8E0B-4AF8-9B6F-036CEED820C0}.Release|Any CPU.ActiveCfg = Release|Any CPU
		{5ED06FEB-8E0B-4AF8-9B6F-036CEED820C0}.Release|Any CPU.Build.0 = Release|Any CPU
	EndGlobalSection
	GlobalSection(SolutionProperties) = preSolution
		HideSolutionNode = FALSE
	EndGlobalSection
	GlobalSection(ExtensibilityGlobals) = postSolution
		SolutionGuid = {392BF50E-C0CC-423B-8EA5-86641DA6E803}
	EndGlobalSection
EndGlobal
