
Microsoft Visual Studio Solution File, Format Version 12.00
# Visual Studio Version 17
VisualStudioVersion = 17.13.35825.156 d17.13
MinimumVisualStudioVersion = 10.0.40219.1
Project("{FAE04EC0-301F-11D3-BF4B-00C04F79EFBC}") = "PRACTICA 17 FWD", "PRACTICA 17 FWD.csproj", "{D2725D23-211F-4BCB-8E70-6A0B01C91457}"
EndProject
Global
	GlobalSection(SolutionConfigurationPlatforms) = preSolution
		Debug|Any CPU = Debug|Any CPU
		Release|Any CPU = Release|Any CPU
	EndGlobalSection
	GlobalSection(ProjectConfigurationPlatforms) = postSolution
		{D2725D23-211F-4BCB-8E70-6A0B01C91457}.Debug|Any CPU.ActiveCfg = Debug|Any CPU
		{D2725D23-211F-4BCB-8E70-6A0B01C91457}.Debug|Any CPU.Build.0 = Debug|Any CPU
		{D2725D23-211F-4BCB-8E70-6A0B01C91457}.Release|Any CPU.ActiveCfg = Release|Any CPU
		{D2725D23-211F-4BCB-8E70-6A0B01C91457}.Release|Any CPU.Build.0 = Release|Any CPU
	EndGlobalSection
	GlobalSection(SolutionProperties) = preSolution
		HideSolutionNode = FALSE
	EndGlobalSection
	GlobalSection(ExtensibilityGlobals) = postSolution
		SolutionGuid = {8B453CAA-1074-410A-A7E1-D9CD19B4DA12}
	EndGlobalSection
EndGlobal
