
Microsoft Visual Studio Solution File, Format Version 12.00
# Visual Studio Version 17
VisualStudioVersion = 17.13.35825.156 d17.13
MinimumVisualStudioVersion = 10.0.40219.1
Project("{FAE04EC0-301F-11D3-BF4B-00C04F79EFBC}") = "PRACTICA 2 FOR WHILE DO", "PRACTICA 2 FOR WHILE DO.csproj", "{8F65B188-00DF-455C-8CF8-D8C42E22460E}"
EndProject
Global
	GlobalSection(SolutionConfigurationPlatforms) = preSolution
		Debug|Any CPU = Debug|Any CPU
		Release|Any CPU = Release|Any CPU
	EndGlobalSection
	GlobalSection(ProjectConfigurationPlatforms) = postSolution
		{8F65B188-00DF-455C-8CF8-D8C42E22460E}.Debug|Any CPU.ActiveCfg = Debug|Any CPU
		{8F65B188-00DF-455C-8CF8-D8C42E22460E}.Debug|Any CPU.Build.0 = Debug|Any CPU
		{8F65B188-00DF-455C-8CF8-D8C42E22460E}.Release|Any CPU.ActiveCfg = Release|Any CPU
		{8F65B188-00DF-455C-8CF8-D8C42E22460E}.Release|Any CPU.Build.0 = Release|Any CPU
	EndGlobalSection
	GlobalSection(SolutionProperties) = preSolution
		HideSolutionNode = FALSE
	EndGlobalSection
	GlobalSection(ExtensibilityGlobals) = postSolution
		SolutionGuid = {5DE2CC0C-EEE0-4170-A5DF-E915CD0B4867}
	EndGlobalSection
EndGlobal
