
Microsoft Visual Studio Solution File, Format Version 12.00
# Visual Studio Version 17
VisualStudioVersion = 17.13.35825.156 d17.13
MinimumVisualStudioVersion = 10.0.40219.1
Project("{FAE04EC0-301F-11D3-BF4B-00C04F79EFBC}") = "Practica 3", "Practica 3.csproj", "{D570620F-FB30-422E-9431-035A760AB540}"
EndProject
Global
	GlobalSection(SolutionConfigurationPlatforms) = preSolution
		Debug|Any CPU = Debug|Any CPU
		Release|Any CPU = Release|Any CPU
	EndGlobalSection
	GlobalSection(ProjectConfigurationPlatforms) = postSolution
		{D570620F-FB30-422E-9431-035A760AB540}.Debug|Any CPU.ActiveCfg = Debug|Any CPU
		{D570620F-FB30-422E-9431-035A760AB540}.Debug|Any CPU.Build.0 = Debug|Any CPU
		{D570620F-FB30-422E-9431-035A760AB540}.Release|Any CPU.ActiveCfg = Release|Any CPU
		{D570620F-FB30-422E-9431-035A760AB540}.Release|Any CPU.Build.0 = Release|Any CPU
	EndGlobalSection
	GlobalSection(SolutionProperties) = preSolution
		HideSolutionNode = FALSE
	EndGlobalSection
	GlobalSection(ExtensibilityGlobals) = postSolution
		SolutionGuid = {7FD0A3D5-4ECC-4440-91E9-67D9F2B730E0}
	EndGlobalSection
EndGlobal
