
Microsoft Visual Studio Solution File, Format Version 12.00
# Visual Studio Version 17
VisualStudioVersion = 17.13.35825.156 d17.13
MinimumVisualStudioVersion = 10.0.40219.1
Project("{FAE04EC0-301F-11D3-BF4B-00C04F79EFBC}") = "PRACTICA 11 FOR WHILE DO", "PRACTICA 11 FOR WHILE DO.csproj", "{2196D06E-658F-4F24-988A-A092B883D50B}"
EndProject
Global
	GlobalSection(SolutionConfigurationPlatforms) = preSolution
		Debug|Any CPU = Debug|Any CPU
		Release|Any CPU = Release|Any CPU
	EndGlobalSection
	GlobalSection(ProjectConfigurationPlatforms) = postSolution
		{2196D06E-658F-4F24-988A-A092B883D50B}.Debug|Any CPU.ActiveCfg = Debug|Any CPU
		{2196D06E-658F-4F24-988A-A092B883D50B}.Debug|Any CPU.Build.0 = Debug|Any CPU
		{2196D06E-658F-4F24-988A-A092B883D50B}.Release|Any CPU.ActiveCfg = Release|Any CPU
		{2196D06E-658F-4F24-988A-A092B883D50B}.Release|Any CPU.Build.0 = Release|Any CPU
	EndGlobalSection
	GlobalSection(SolutionProperties) = preSolution
		HideSolutionNode = FALSE
	EndGlobalSection
	GlobalSection(ExtensibilityGlobals) = postSolution
		SolutionGuid = {A6E7CB41-6750-4FA9-96B8-BC749185173F}
	EndGlobalSection
EndGlobal
